
Microsoft Visual Studio Solution File, Format Version 12.00
# Visual Studio 15
VisualStudioVersion = 15.0.28307.1169
MinimumVisualStudioVersion = 10.0.40219.1
Project("{FAE04EC0-301F-11D3-BF4B-00C04F79EFBC}") = "Ispit", "Ispit\Ispit.csproj", "{5E9A1476-340A-47B8-843D-5C330902697A}"
EndProject
Global
	GlobalSection(SolutionConfigurationPlatforms) = preSolution
		Debug|Any CPU = Debug|Any CPU
		Release|Any CPU = Release|Any CPU
	EndGlobalSection
	GlobalSection(ProjectConfigurationPlatforms) = postSolution
		{5E9A1476-340A-47B8-843D-5C330902697A}.Debug|Any CPU.ActiveCfg = Debug|Any CPU
		{5E9A1476-340A-47B8-843D-5C330902697A}.Debug|Any CPU.Build.0 = Debug|Any CPU
		{5E9A1476-340A-47B8-843D-5C330902697A}.Release|Any CPU.ActiveCfg = Release|Any CPU
		{5E9A1476-340A-47B8-843D-5C330902697A}.Release|Any CPU.Build.0 = Release|Any CPU
	EndGlobalSection
	GlobalSection(SolutionProperties) = preSolution
		HideSolutionNode = FALSE
	EndGlobalSection
	GlobalSection(ExtensibilityGlobals) = postSolution
		SolutionGuid = {EFA601F0-05CF-4051-98F2-CFB067D65962}
	EndGlobalSection
EndGlobal
